
Microsoft Visual Studio Solution File, Format Version 12.00
# Visual Studio Version 17
VisualStudioVersion = 17.0.32002.185
MinimumVisualStudioVersion = 10.0.40219.1
Project("{2150E333-8FDC-42A3-9474-1A3956D46DE8}") = "Tests", "Tests", "{2C0EF378-2F8C-4A52-BE1B-997B7DE608DD}"
EndProject
Project("{2150E333-8FDC-42A3-9474-1A3956D46DE8}") = "Src", "Src", "{EC6A463D-02AB-4A86-9831-BCFBCE3D8CEF}"
EndProject
Project("{2150E333-8FDC-42A3-9474-1A3956D46DE8}") = "Docs", "Docs", "{0179D06B-A35A-4C15-BB79-764382F8EE82}"
EndProject
Project("{2150E333-8FDC-42A3-9474-1A3956D46DE8}") = "Presentation", "Presentation", "{29CB430A-73CD-4A27-B70F-3E4E02E34993}"
EndProject
Project("{2150E333-8FDC-42A3-9474-1A3956D46DE8}") = "Core", "Core", "{4DC2141D-8A74-4462-8916-7EF9F602CEDC}"
EndProject
Project("{2150E333-8FDC-42A3-9474-1A3956D46DE8}") = "Infrastructure", "Infrastructure", "{8C89E444-6C9F-470C-A2A1-BF760A143DDC}"
EndProject
Project("{2150E333-8FDC-42A3-9474-1A3956D46DE8}") = "Common", "Common", "{64B3DCDB-F958-457B-A818-2CE76BD70FCC}"
EndProject
Project("{FAE04EC0-301F-11D3-BF4B-00C04F79EFBC}") = "FBDropshipper.Common", "FBDropshipper.Common\FBDropshipper.Common.csproj", "{01D9484E-A23F-4AC9-BA96-1A3E24B47EB0}"
EndProject
Project("{FAE04EC0-301F-11D3-BF4B-00C04F79EFBC}") = "FBDropshipper.Domain", "FBDropshipper.Domain\FBDropshipper.Domain.csproj", "{20341E76-2554-483C-920F-8F8574F86C2A}"
EndProject
Project("{FAE04EC0-301F-11D3-BF4B-00C04F79EFBC}") = "FBDropshipper.Application", "FBDropshipper.Application\FBDropshipper.Application.csproj", "{F8CA119A-2203-464A-AF62-2002AB9A24A1}"
EndProject
Project("{FAE04EC0-301F-11D3-BF4B-00C04F79EFBC}") = "FBDropshipper.Persistence", "FBDropshipper.Persistence\FBDropshipper.Persistence.csproj", "{BA13F306-DB86-4A7C-BA58-E8D5BDDB3BFC}"
EndProject
Project("{FAE04EC0-301F-11D3-BF4B-00C04F79EFBC}") = "FBDropshipper.Infrastructure", "FBDropshipper.Infrastructure\FBDropshipper.Infrastructure.csproj", "{0FAB43EA-DECA-461B-8481-BED2BF6283C6}"
EndProject
Project("{FAE04EC0-301F-11D3-BF4B-00C04F79EFBC}") = "FBDropshipper.WebApi", "FBDropshipper.WebApi\FBDropshipper.WebApi.csproj", "{09C45A6F-42D5-4A61-91D8-FEFCECBE501C}"
EndProject
Global
	GlobalSection(SolutionConfigurationPlatforms) = preSolution
		Debug|Any CPU = Debug|Any CPU
		Release|Any CPU = Release|Any CPU
	EndGlobalSection
	GlobalSection(ProjectConfigurationPlatforms) = postSolution
		{01D9484E-A23F-4AC9-BA96-1A3E24B47EB0}.Debug|Any CPU.ActiveCfg = Debug|Any CPU
		{01D9484E-A23F-4AC9-BA96-1A3E24B47EB0}.Debug|Any CPU.Build.0 = Debug|Any CPU
		{01D9484E-A23F-4AC9-BA96-1A3E24B47EB0}.Release|Any CPU.ActiveCfg = Release|Any CPU
		{01D9484E-A23F-4AC9-BA96-1A3E24B47EB0}.Release|Any CPU.Build.0 = Release|Any CPU
		{20341E76-2554-483C-920F-8F8574F86C2A}.Debug|Any CPU.ActiveCfg = Debug|Any CPU
		{20341E76-2554-483C-920F-8F8574F86C2A}.Debug|Any CPU.Build.0 = Debug|Any CPU
		{20341E76-2554-483C-920F-8F8574F86C2A}.Release|Any CPU.ActiveCfg = Release|Any CPU
		{20341E76-2554-483C-920F-8F8574F86C2A}.Release|Any CPU.Build.0 = Release|Any CPU
		{F8CA119A-2203-464A-AF62-2002AB9A24A1}.Debug|Any CPU.ActiveCfg = Debug|Any CPU
		{F8CA119A-2203-464A-AF62-2002AB9A24A1}.Debug|Any CPU.Build.0 = Debug|Any CPU
		{F8CA119A-2203-464A-AF62-2002AB9A24A1}.Release|Any CPU.ActiveCfg = Release|Any CPU
		{F8CA119A-2203-464A-AF62-2002AB9A24A1}.Release|Any CPU.Build.0 = Release|Any CPU
		{BA13F306-DB86-4A7C-BA58-E8D5BDDB3BFC}.Debug|Any CPU.ActiveCfg = Debug|Any CPU
		{BA13F306-DB86-4A7C-BA58-E8D5BDDB3BFC}.Debug|Any CPU.Build.0 = Debug|Any CPU
		{BA13F306-DB86-4A7C-BA58-E8D5BDDB3BFC}.Release|Any CPU.ActiveCfg = Release|Any CPU
		{BA13F306-DB86-4A7C-BA58-E8D5BDDB3BFC}.Release|Any CPU.Build.0 = Release|Any CPU
		{0FAB43EA-DECA-461B-8481-BED2BF6283C6}.Debug|Any CPU.ActiveCfg = Debug|Any CPU
		{0FAB43EA-DECA-461B-8481-BED2BF6283C6}.Debug|Any CPU.Build.0 = Debug|Any CPU
		{0FAB43EA-DECA-461B-8481-BED2BF6283C6}.Release|Any CPU.ActiveCfg = Release|Any CPU
		{0FAB43EA-DECA-461B-8481-BED2BF6283C6}.Release|Any CPU.Build.0 = Release|Any CPU
		{09C45A6F-42D5-4A61-91D8-FEFCECBE501C}.Debug|Any CPU.ActiveCfg = Debug|Any CPU
		{09C45A6F-42D5-4A61-91D8-FEFCECBE501C}.Debug|Any CPU.Build.0 = Debug|Any CPU
		{09C45A6F-42D5-4A61-91D8-FEFCECBE501C}.Release|Any CPU.ActiveCfg = Release|Any CPU
		{09C45A6F-42D5-4A61-91D8-FEFCECBE501C}.Release|Any CPU.Build.0 = Release|Any CPU
	EndGlobalSection
	GlobalSection(SolutionProperties) = preSolution
		HideSolutionNode = FALSE
	EndGlobalSection
	GlobalSection(NestedProjects) = preSolution
		{29CB430A-73CD-4A27-B70F-3E4E02E34993} = {EC6A463D-02AB-4A86-9831-BCFBCE3D8CEF}
		{4DC2141D-8A74-4462-8916-7EF9F602CEDC} = {EC6A463D-02AB-4A86-9831-BCFBCE3D8CEF}
		{8C89E444-6C9F-470C-A2A1-BF760A143DDC} = {EC6A463D-02AB-4A86-9831-BCFBCE3D8CEF}
		{64B3DCDB-F958-457B-A818-2CE76BD70FCC} = {EC6A463D-02AB-4A86-9831-BCFBCE3D8CEF}
		{01D9484E-A23F-4AC9-BA96-1A3E24B47EB0} = {64B3DCDB-F958-457B-A818-2CE76BD70FCC}
		{20341E76-2554-483C-920F-8F8574F86C2A} = {4DC2141D-8A74-4462-8916-7EF9F602CEDC}
		{F8CA119A-2203-464A-AF62-2002AB9A24A1} = {4DC2141D-8A74-4462-8916-7EF9F602CEDC}
		{BA13F306-DB86-4A7C-BA58-E8D5BDDB3BFC} = {8C89E444-6C9F-470C-A2A1-BF760A143DDC}
		{0FAB43EA-DECA-461B-8481-BED2BF6283C6} = {8C89E444-6C9F-470C-A2A1-BF760A143DDC}
		{09C45A6F-42D5-4A61-91D8-FEFCECBE501C} = {29CB430A-73CD-4A27-B70F-3E4E02E34993}
	EndGlobalSection
	GlobalSection(ExtensibilityGlobals) = postSolution
		SolutionGuid = {2F29D5D9-3ACE-424F-BCE3-121F6776170F}
	EndGlobalSection
EndGlobal
